{
  "version": 4,
  "terraform_version": "1.9.7",
  "serial": 98,
  "lineage": "d5ed1a6e-95c4-c87a-e4f2-9cffc16e29e5",
  "outputs": {},
  "resources": [
    {
      "mode": "managed",
      "type": "juju_integration",
      "name": "gnbsim-amf",
      "provider": "provider[\"registry.terraform.io/juju/juju\"]",
      "instances": [
        {
          "schema_version": 0,
          "attributes": {
            "application": [
              {
                "endpoint": "fiveg-n2",
                "name": "amf",
                "offer_url": null
              },
              {
                "endpoint": "fiveg-n2",
                "name": "gnbsim",
                "offer_url": null
              }
            ],
            "id": "sdcore:amf:fiveg-n2:gnbsim:fiveg-n2",
            "model": "sdcore",
            "via": null
          },
          "sensitive_attributes": [],
          "dependencies": [
            "juju_model.sdcore",
            "module.gnbsim.juju_application.gnbsim",
            "module.sdcore-router.juju_application.router",
            "module.sdcore.juju_model.sdcore",
            "module.sdcore.module.amf.juju_application.amf"
          ]
        }
      ]
    },
    {
      "mode": "managed",
      "type": "juju_integration",
      "name": "gnbsim-nms",
      "provider": "provider[\"registry.terraform.io/juju/juju\"]",
      "instances": [
        {
          "schema_version": 0,
          "attributes": {
            "application": [
              {
                "endpoint": "fiveg_gnb_identity",
                "name": "gnbsim",
                "offer_url": null
              },
              {
                "endpoint": "fiveg_gnb_identity",
                "name": "nms",
                "offer_url": null
              }
            ],
            "id": "sdcore:gnbsim:fiveg_gnb_identity:nms:fiveg_gnb_identity",
            "model": "sdcore",
            "via": null
          },
          "sensitive_attributes": [],
          "dependencies": [
            "juju_model.sdcore",
            "module.gnbsim.juju_application.gnbsim",
            "module.sdcore-router.juju_application.router",
            "module.sdcore.juju_model.sdcore",
            "module.sdcore.module.nms.juju_application.sdcore-nms-k8s"
          ]
        }
      ]
    },
    {
      "mode": "managed",
      "type": "juju_model",
      "name": "sdcore",
      "provider": "provider[\"registry.terraform.io/juju/juju\"]",
      "instances": [
        {
          "schema_version": 0,
          "attributes": {
            "cloud": [],
            "config": null,
            "constraints": null,
            "credential": "microk8s",
            "id": "02c738cb-473b-4fc2-8b8d-8388f8656db9",
            "name": "sdcore",
            "type": "caas"
          },
          "sensitive_attributes": []
        }
      ]
    },
    {
      "module": "module.gnbsim",
      "mode": "managed",
      "type": "juju_application",
      "name": "gnbsim",
      "provider": "provider[\"registry.terraform.io/juju/juju\"]",
      "instances": [
        {
          "schema_version": 0,
          "attributes": {
            "charm": [
              {
                "base": "ubuntu@22.04",
                "channel": "1.4/edge",
                "name": "sdcore-gnbsim-k8s",
                "revision": 573,
                "series": "jammy"
              }
            ],
            "config": {},
            "constraints": "arch=amd64",
            "endpoint_bindings": null,
            "expose": [],
            "id": "sdcore:gnbsim",
            "model": "sdcore",
            "name": "gnbsim",
            "placement": "",
            "principal": null,
            "resources": null,
            "storage": [
              {
                "count": 1,
                "label": "config-1",
                "pool": "kubernetes",
                "size": "1M"
              }
            ],
            "storage_directives": null,
            "trust": true,
            "units": 1
          },
          "sensitive_attributes": [],
          "dependencies": [
            "juju_model.sdcore",
            "module.sdcore-router.juju_application.router"
          ]
        }
      ]
    },
    {
      "module": "module.sdcore",
      "mode": "managed",
      "type": "juju_integration",
      "name": "amf-certificates",
      "provider": "provider[\"registry.terraform.io/juju/juju\"]",
      "instances": [
        {
          "schema_version": 0,
          "attributes": {
            "application": [
              {
                "endpoint": "certificates",
                "name": "amf",
                "offer_url": null
              },
              {
                "endpoint": "certificates",
                "name": "self-signed-certificates",
                "offer_url": null
              }
            ],
            "id": "sdcore:self-signed-certificates:certificates:amf:certificates",
            "model": "sdcore",
            "via": null
          },
          "sensitive_attributes": [],
          "dependencies": [
            "juju_model.sdcore",
            "module.sdcore-router.juju_application.router",
            "module.sdcore.juju_model.sdcore",
            "module.sdcore.module.amf.juju_application.amf",
            "module.sdcore.module.self-signed-certificates.juju_application.self-signed-certificates"
          ]
        }
      ]
    },
    {
      "module": "module.sdcore",
      "mode": "managed",
      "type": "juju_integration",
      "name": "amf-database",
      "provider": "provider[\"registry.terraform.io/juju/juju\"]",
      "instances": [
        {
          "schema_version": 0,
          "attributes": {
            "application": [
              {
                "endpoint": "database",
                "name": "amf",
                "offer_url": null
              },
              {
                "endpoint": "database",
                "name": "mongodb",
                "offer_url": null
              }
            ],
            "id": "sdcore:mongodb:database:amf:database",
            "model": "sdcore",
            "via": null
          },
          "sensitive_attributes": [],
          "dependencies": [
            "juju_model.sdcore",
            "module.sdcore-router.juju_application.router",
            "module.sdcore.juju_model.sdcore",
            "module.sdcore.module.amf.juju_application.amf",
            "module.sdcore.module.mongodb.juju_application.mongodb-k8s"
          ]
        }
      ]
    },
    {
      "module": "module.sdcore",
      "mode": "managed",
      "type": "juju_integration",
      "name": "amf-fiveg-nrf",
      "provider": "provider[\"registry.terraform.io/juju/juju\"]",
      "instances": [
        {
          "schema_version": 0,
          "attributes": {
            "application": [
              {
                "endpoint": "fiveg_nrf",
                "name": "amf",
                "offer_url": null
              },
              {
                "endpoint": "fiveg_nrf",
                "name": "nrf",
                "offer_url": null
              }
            ],
            "id": "sdcore:nrf:fiveg_nrf:amf:fiveg_nrf",
            "model": "sdcore",
            "via": null
          },
          "sensitive_attributes": [],
          "dependencies": [
            "juju_model.sdcore",
            "module.sdcore-router.juju_application.router",
            "module.sdcore.juju_model.sdcore",
            "module.sdcore.module.amf.juju_application.amf",
            "module.sdcore.module.nrf.juju_application.sdcore-nrf-k8s"
          ]
        }
      ]
    },
    {
      "module": "module.sdcore",
      "mode": "managed",
      "type": "juju_integration",
      "name": "amf-logging",
      "provider": "provider[\"registry.terraform.io/juju/juju\"]",
      "instances": [
        {
          "schema_version": 0,
          "attributes": {
            "application": [
              {
                "endpoint": "logging",
                "name": "amf",
                "offer_url": null
              },
              {
                "endpoint": "logging-provider",
                "name": "grafana-agent",
                "offer_url": null
              }
            ],
            "id": "sdcore:grafana-agent:logging-provider:amf:logging",
            "model": "sdcore",
            "via": null
          },
          "sensitive_attributes": [],
          "dependencies": [
            "juju_model.sdcore",
            "module.sdcore-router.juju_application.router",
            "module.sdcore.juju_model.sdcore",
            "module.sdcore.module.amf.juju_application.amf",
            "module.sdcore.module.grafana-agent.juju_application.grafana-agent-k8s"
          ]
        }
      ]
    },
    {
      "module": "module.sdcore",
      "mode": "managed",
      "type": "juju_integration",
      "name": "amf-metrics",
      "provider": "provider[\"registry.terraform.io/juju/juju\"]",
      "instances": [
        {
          "schema_version": 0,
          "attributes": {
            "application": [
              {
                "endpoint": "metrics-endpoint",
                "name": "amf",
                "offer_url": null
              },
              {
                "endpoint": "metrics-endpoint",
                "name": "grafana-agent",
                "offer_url": null
              }
            ],
            "id": "sdcore:amf:metrics-endpoint:grafana-agent:metrics-endpoint",
            "model": "sdcore",
            "via": null
          },
          "sensitive_attributes": [],
          "dependencies": [
            "juju_model.sdcore",
            "module.sdcore-router.juju_application.router",
            "module.sdcore.juju_model.sdcore",
            "module.sdcore.module.amf.juju_application.amf",
            "module.sdcore.module.grafana-agent.juju_application.grafana-agent-k8s"
          ]
        }
      ]
    },
    {
      "module": "module.sdcore",
      "mode": "managed",
      "type": "juju_integration",
      "name": "ausf-certificates",
      "provider": "provider[\"registry.terraform.io/juju/juju\"]",
      "instances": [
        {
          "schema_version": 0,
          "attributes": {
            "application": [
              {
                "endpoint": "certificates",
                "name": "ausf",
                "offer_url": null
              },
              {
                "endpoint": "certificates",
                "name": "self-signed-certificates",
                "offer_url": null
              }
            ],
            "id": "sdcore:self-signed-certificates:certificates:ausf:certificates",
            "model": "sdcore",
            "via": null
          },
          "sensitive_attributes": [],
          "dependencies": [
            "juju_model.sdcore",
            "module.sdcore-router.juju_application.router",
            "module.sdcore.juju_model.sdcore",
            "module.sdcore.module.ausf.juju_application.ausf",
            "module.sdcore.module.self-signed-certificates.juju_application.self-signed-certificates"
          ]
        }
      ]
    },
    {
      "module": "module.sdcore",
      "mode": "managed",
      "type": "juju_integration",
      "name": "ausf-fiveg-nrf",
      "provider": "provider[\"registry.terraform.io/juju/juju\"]",
      "instances": [
        {
          "schema_version": 0,
          "attributes": {
            "application": [
              {
                "endpoint": "fiveg_nrf",
                "name": "ausf",
                "offer_url": null
              },
              {
                "endpoint": "fiveg_nrf",
                "name": "nrf",
                "offer_url": null
              }
            ],
            "id": "sdcore:nrf:fiveg_nrf:ausf:fiveg_nrf",
            "model": "sdcore",
            "via": null
          },
          "sensitive_attributes": [],
          "dependencies": [
            "juju_model.sdcore",
            "module.sdcore-router.juju_application.router",
            "module.sdcore.juju_model.sdcore",
            "module.sdcore.module.ausf.juju_application.ausf",
            "module.sdcore.module.nrf.juju_application.sdcore-nrf-k8s"
          ]
        }
      ]
    },
    {
      "module": "module.sdcore",
      "mode": "managed",
      "type": "juju_integration",
      "name": "ausf-logging",
      "provider": "provider[\"registry.terraform.io/juju/juju\"]",
      "instances": [
        {
          "schema_version": 0,
          "attributes": {
            "application": [
              {
                "endpoint": "logging",
                "name": "ausf",
                "offer_url": null
              },
              {
                "endpoint": "logging-provider",
                "name": "grafana-agent",
                "offer_url": null
              }
            ],
            "id": "sdcore:grafana-agent:logging-provider:ausf:logging",
            "model": "sdcore",
            "via": null
          },
          "sensitive_attributes": [],
          "dependencies": [
            "juju_model.sdcore",
            "module.sdcore-router.juju_application.router",
            "module.sdcore.juju_model.sdcore",
            "module.sdcore.module.ausf.juju_application.ausf",
            "module.sdcore.module.grafana-agent.juju_application.grafana-agent-k8s"
          ]
        }
      ]
    },
    {
      "module": "module.sdcore",
      "mode": "managed",
      "type": "juju_integration",
      "name": "loki",
      "provider": "provider[\"registry.terraform.io/juju/juju\"]",
      "instances": [
        {
          "index_key": 0,
          "schema_version": 0,
          "attributes": {
            "application": [
              {
                "endpoint": "logging-consumer",
                "name": "grafana-agent",
                "offer_url": null
              },
              {
                "endpoint": null,
                "name": null,
                "offer_url": "admin/cos-lite.loki"
              }
            ],
            "id": "sdcore:loki:logging:grafana-agent:logging-consumer",
            "model": "sdcore",
            "via": null
          },
          "sensitive_attributes": [],
          "dependencies": [
            "juju_model.sdcore",
            "module.sdcore-router.juju_application.router",
            "module.sdcore.juju_model.sdcore",
            "module.sdcore.juju_offer.loki-logging",
            "module.sdcore.module.cos-lite.juju_model.cos",
            "module.sdcore.module.cos-lite.module.loki.juju_application.loki",
            "module.sdcore.module.grafana-agent.juju_application.grafana-agent-k8s"
          ]
        }
      ]
    },
    {
      "module": "module.sdcore",
      "mode": "managed",
      "type": "juju_integration",
      "name": "mongodb-logging",
      "provider": "provider[\"registry.terraform.io/juju/juju\"]",
      "instances": [
        {
          "schema_version": 0,
          "attributes": {
            "application": [
              {
                "endpoint": "logging",
                "name": "mongodb",
                "offer_url": null
              },
              {
                "endpoint": "logging-provider",
                "name": "grafana-agent",
                "offer_url": null
              }
            ],
            "id": "sdcore:grafana-agent:logging-provider:mongodb:logging",
            "model": "sdcore",
            "via": null
          },
          "sensitive_attributes": [],
          "dependencies": [
            "juju_model.sdcore",
            "module.sdcore-router.juju_application.router",
            "module.sdcore.juju_model.sdcore",
            "module.sdcore.module.grafana-agent.juju_application.grafana-agent-k8s",
            "module.sdcore.module.mongodb.juju_application.mongodb-k8s"
          ]
        }
      ]
    },
    {
      "module": "module.sdcore",
      "mode": "managed",
      "type": "juju_integration",
      "name": "mongodb-metrics",
      "provider": "provider[\"registry.terraform.io/juju/juju\"]",
      "instances": [
        {
          "schema_version": 0,
          "attributes": {
            "application": [
              {
                "endpoint": "metrics-endpoint",
                "name": "grafana-agent",
                "offer_url": null
              },
              {
                "endpoint": "metrics-endpoint",
                "name": "mongodb",
                "offer_url": null
              }
            ],
            "id": "sdcore:mongodb:metrics-endpoint:grafana-agent:metrics-endpoint",
            "model": "sdcore",
            "via": null
          },
          "sensitive_attributes": [],
          "dependencies": [
            "juju_model.sdcore",
            "module.sdcore-router.juju_application.router",
            "module.sdcore.juju_model.sdcore",
            "module.sdcore.module.grafana-agent.juju_application.grafana-agent-k8s",
            "module.sdcore.module.mongodb.juju_application.mongodb-k8s"
          ]
        }
      ]
    },
    {
      "module": "module.sdcore",
      "mode": "managed",
      "type": "juju_integration",
      "name": "nms-ingress",
      "provider": "provider[\"registry.terraform.io/juju/juju\"]",
      "instances": [
        {
          "schema_version": 0,
          "attributes": {
            "application": [
              {
                "endpoint": "ingress",
                "name": "nms",
                "offer_url": null
              },
              {
                "endpoint": "ingress",
                "name": "traefik",
                "offer_url": null
              }
            ],
            "id": "sdcore:traefik:ingress:nms:ingress",
            "model": "sdcore",
            "via": null
          },
          "sensitive_attributes": [],
          "dependencies": [
            "juju_model.sdcore",
            "module.sdcore-router.juju_application.router",
            "module.sdcore.juju_model.sdcore",
            "module.sdcore.module.nms.juju_application.sdcore-nms-k8s",
            "module.sdcore.module.traefik.juju_application.traefik-k8s"
          ]
        }
      ]
    },
    {
      "module": "module.sdcore",
      "mode": "managed",
      "type": "juju_integration",
      "name": "nms-logging",
      "provider": "provider[\"registry.terraform.io/juju/juju\"]",
      "instances": [
        {
          "schema_version": 0,
          "attributes": {
            "application": [
              {
                "endpoint": "logging",
                "name": "nms",
                "offer_url": null
              },
              {
                "endpoint": "logging-provider",
                "name": "grafana-agent",
                "offer_url": null
              }
            ],
            "id": "sdcore:grafana-agent:logging-provider:nms:logging",
            "model": "sdcore",
            "via": null
          },
          "sensitive_attributes": [],
          "dependencies": [
            "juju_model.sdcore",
            "module.sdcore-router.juju_application.router",
            "module.sdcore.juju_model.sdcore",
            "module.sdcore.module.grafana-agent.juju_application.grafana-agent-k8s",
            "module.sdcore.module.nms.juju_application.sdcore-nms-k8s"
          ]
        }
      ]
    },
    {
      "module": "module.sdcore",
      "mode": "managed",
      "type": "juju_integration",
      "name": "nms-sdcore-management",
      "provider": "provider[\"registry.terraform.io/juju/juju\"]",
      "instances": [
        {
          "schema_version": 0,
          "attributes": {
            "application": [
              {
                "endpoint": "sdcore-management",
                "name": "nms",
                "offer_url": null
              },
              {
                "endpoint": "sdcore-management",
                "name": "webui",
                "offer_url": null
              }
            ],
            "id": "sdcore:webui:sdcore-management:nms:sdcore-management",
            "model": "sdcore",
            "via": null
          },
          "sensitive_attributes": [],
          "dependencies": [
            "juju_model.sdcore",
            "module.sdcore-router.juju_application.router",
            "module.sdcore.juju_model.sdcore",
            "module.sdcore.module.nms.juju_application.sdcore-nms-k8s",
            "module.sdcore.module.webui.juju_application.sdcore-webui-k8s"
          ]
        }
      ]
    },
    {
      "module": "module.sdcore",
      "mode": "managed",
      "type": "juju_integration",
      "name": "nrf-certificates",
      "provider": "provider[\"registry.terraform.io/juju/juju\"]",
      "instances": [
        {
          "schema_version": 0,
          "attributes": {
            "application": [
              {
                "endpoint": "certificates",
                "name": "nrf",
                "offer_url": null
              },
              {
                "endpoint": "certificates",
                "name": "self-signed-certificates",
                "offer_url": null
              }
            ],
            "id": "sdcore:self-signed-certificates:certificates:nrf:certificates",
            "model": "sdcore",
            "via": null
          },
          "sensitive_attributes": [],
          "dependencies": [
            "juju_model.sdcore",
            "module.sdcore-router.juju_application.router",
            "module.sdcore.juju_model.sdcore",
            "module.sdcore.module.nrf.juju_application.sdcore-nrf-k8s",
            "module.sdcore.module.self-signed-certificates.juju_application.self-signed-certificates"
          ]
        }
      ]
    },
    {
      "module": "module.sdcore",
      "mode": "managed",
      "type": "juju_integration",
      "name": "nrf-database",
      "provider": "provider[\"registry.terraform.io/juju/juju\"]",
      "instances": [
        {
          "schema_version": 0,
          "attributes": {
            "application": [
              {
                "endpoint": "database",
                "name": "mongodb",
                "offer_url": null
              },
              {
                "endpoint": "database",
                "name": "nrf",
                "offer_url": null
              }
            ],
            "id": "sdcore:mongodb:database:nrf:database",
            "model": "sdcore",
            "via": null
          },
          "sensitive_attributes": [],
          "dependencies": [
            "juju_model.sdcore",
            "module.sdcore-router.juju_application.router",
            "module.sdcore.juju_model.sdcore",
            "module.sdcore.module.mongodb.juju_application.mongodb-k8s",
            "module.sdcore.module.nrf.juju_application.sdcore-nrf-k8s"
          ]
        }
      ]
    },
    {
      "module": "module.sdcore",
      "mode": "managed",
      "type": "juju_integration",
      "name": "nrf-logging",
      "provider": "provider[\"registry.terraform.io/juju/juju\"]",
      "instances": [
        {
          "schema_version": 0,
          "attributes": {
            "application": [
              {
                "endpoint": "logging",
                "name": "nrf",
                "offer_url": null
              },
              {
                "endpoint": "logging-provider",
                "name": "grafana-agent",
                "offer_url": null
              }
            ],
            "id": "sdcore:grafana-agent:logging-provider:nrf:logging",
            "model": "sdcore",
            "via": null
          },
          "sensitive_attributes": [],
          "dependencies": [
            "juju_model.sdcore",
            "module.sdcore-router.juju_application.router",
            "module.sdcore.juju_model.sdcore",
            "module.sdcore.module.grafana-agent.juju_application.grafana-agent-k8s",
            "module.sdcore.module.nrf.juju_application.sdcore-nrf-k8s"
          ]
        }
      ]
    },
    {
      "module": "module.sdcore",
      "mode": "managed",
      "type": "juju_integration",
      "name": "nssf-certificates",
      "provider": "provider[\"registry.terraform.io/juju/juju\"]",
      "instances": [
        {
          "schema_version": 0,
          "attributes": {
            "application": [
              {
                "endpoint": "certificates",
                "name": "nssf",
                "offer_url": null
              },
              {
                "endpoint": "certificates",
                "name": "self-signed-certificates",
                "offer_url": null
              }
            ],
            "id": "sdcore:self-signed-certificates:certificates:nssf:certificates",
            "model": "sdcore",
            "via": null
          },
          "sensitive_attributes": [],
          "dependencies": [
            "juju_model.sdcore",
            "module.sdcore-router.juju_application.router",
            "module.sdcore.juju_model.sdcore",
            "module.sdcore.module.nssf.juju_application.nssf",
            "module.sdcore.module.self-signed-certificates.juju_application.self-signed-certificates"
          ]
        }
      ]
    },
    {
      "module": "module.sdcore",
      "mode": "managed",
      "type": "juju_integration",
      "name": "nssf-fiveg-nrf",
      "provider": "provider[\"registry.terraform.io/juju/juju\"]",
      "instances": [
        {
          "schema_version": 0,
          "attributes": {
            "application": [
              {
                "endpoint": "fiveg_nrf",
                "name": "nrf",
                "offer_url": null
              },
              {
                "endpoint": "fiveg_nrf",
                "name": "nssf",
                "offer_url": null
              }
            ],
            "id": "sdcore:nrf:fiveg_nrf:nssf:fiveg_nrf",
            "model": "sdcore",
            "via": null
          },
          "sensitive_attributes": [],
          "dependencies": [
            "juju_model.sdcore",
            "module.sdcore-router.juju_application.router",
            "module.sdcore.juju_model.sdcore",
            "module.sdcore.module.nrf.juju_application.sdcore-nrf-k8s",
            "module.sdcore.module.nssf.juju_application.nssf"
          ]
        }
      ]
    },
    {
      "module": "module.sdcore",
      "mode": "managed",
      "type": "juju_integration",
      "name": "nssf-logging",
      "provider": "provider[\"registry.terraform.io/juju/juju\"]",
      "instances": [
        {
          "schema_version": 0,
          "attributes": {
            "application": [
              {
                "endpoint": "logging",
                "name": "nssf",
                "offer_url": null
              },
              {
                "endpoint": "logging-provider",
                "name": "grafana-agent",
                "offer_url": null
              }
            ],
            "id": "sdcore:grafana-agent:logging-provider:nssf:logging",
            "model": "sdcore",
            "via": null
          },
          "sensitive_attributes": [],
          "dependencies": [
            "juju_model.sdcore",
            "module.sdcore-router.juju_application.router",
            "module.sdcore.juju_model.sdcore",
            "module.sdcore.module.grafana-agent.juju_application.grafana-agent-k8s",
            "module.sdcore.module.nssf.juju_application.nssf"
          ]
        }
      ]
    },
    {
      "module": "module.sdcore",
      "mode": "managed",
      "type": "juju_integration",
      "name": "pcf-certificates",
      "provider": "provider[\"registry.terraform.io/juju/juju\"]",
      "instances": [
        {
          "schema_version": 0,
          "attributes": {
            "application": [
              {
                "endpoint": "certificates",
                "name": "pcf",
                "offer_url": null
              },
              {
                "endpoint": "certificates",
                "name": "self-signed-certificates",
                "offer_url": null
              }
            ],
            "id": "sdcore:self-signed-certificates:certificates:pcf:certificates",
            "model": "sdcore",
            "via": null
          },
          "sensitive_attributes": [],
          "dependencies": [
            "juju_model.sdcore",
            "module.sdcore-router.juju_application.router",
            "module.sdcore.juju_model.sdcore",
            "module.sdcore.module.pcf.juju_application.pcf",
            "module.sdcore.module.self-signed-certificates.juju_application.self-signed-certificates"
          ]
        }
      ]
    },
    {
      "module": "module.sdcore",
      "mode": "managed",
      "type": "juju_integration",
      "name": "pcf-database",
      "provider": "provider[\"registry.terraform.io/juju/juju\"]",
      "instances": [
        {
          "schema_version": 0,
          "attributes": {
            "application": [
              {
                "endpoint": "database",
                "name": "mongodb",
                "offer_url": null
              },
              {
                "endpoint": "database",
                "name": "pcf",
                "offer_url": null
              }
            ],
            "id": "sdcore:mongodb:database:pcf:database",
            "model": "sdcore",
            "via": null
          },
          "sensitive_attributes": [],
          "dependencies": [
            "juju_model.sdcore",
            "module.sdcore-router.juju_application.router",
            "module.sdcore.juju_model.sdcore",
            "module.sdcore.module.mongodb.juju_application.mongodb-k8s",
            "module.sdcore.module.pcf.juju_application.pcf"
          ]
        }
      ]
    },
    {
      "module": "module.sdcore",
      "mode": "managed",
      "type": "juju_integration",
      "name": "pcf-fiveg-nrf",
      "provider": "provider[\"registry.terraform.io/juju/juju\"]",
      "instances": [
        {
          "schema_version": 0,
          "attributes": {
            "application": [
              {
                "endpoint": "fiveg_nrf",
                "name": "nrf",
                "offer_url": null
              },
              {
                "endpoint": "fiveg_nrf",
                "name": "pcf",
                "offer_url": null
              }
            ],
            "id": "sdcore:nrf:fiveg_nrf:pcf:fiveg_nrf",
            "model": "sdcore",
            "via": null
          },
          "sensitive_attributes": [],
          "dependencies": [
            "juju_model.sdcore",
            "module.sdcore-router.juju_application.router",
            "module.sdcore.juju_model.sdcore",
            "module.sdcore.module.nrf.juju_application.sdcore-nrf-k8s",
            "module.sdcore.module.pcf.juju_application.pcf"
          ]
        }
      ]
    },
    {
      "module": "module.sdcore",
      "mode": "managed",
      "type": "juju_integration",
      "name": "pcf-logging",
      "provider": "provider[\"registry.terraform.io/juju/juju\"]",
      "instances": [
        {
          "schema_version": 0,
          "attributes": {
            "application": [
              {
                "endpoint": "logging",
                "name": "pcf",
                "offer_url": null
              },
              {
                "endpoint": "logging-provider",
                "name": "grafana-agent",
                "offer_url": null
              }
            ],
            "id": "sdcore:grafana-agent:logging-provider:pcf:logging",
            "model": "sdcore",
            "via": null
          },
          "sensitive_attributes": [],
          "dependencies": [
            "juju_model.sdcore",
            "module.sdcore-router.juju_application.router",
            "module.sdcore.juju_model.sdcore",
            "module.sdcore.module.grafana-agent.juju_application.grafana-agent-k8s",
            "module.sdcore.module.pcf.juju_application.pcf"
          ]
        }
      ]
    },
    {
      "module": "module.sdcore",
      "mode": "managed",
      "type": "juju_integration",
      "name": "prometheus",
      "provider": "provider[\"registry.terraform.io/juju/juju\"]",
      "instances": [
        {
          "index_key": 0,
          "schema_version": 0,
          "attributes": {
            "application": [
              {
                "endpoint": "send-remote-write",
                "name": "grafana-agent",
                "offer_url": null
              },
              {
                "endpoint": null,
                "name": null,
                "offer_url": "admin/cos-lite.prometheus"
              }
            ],
            "id": "sdcore:prometheus:receive-remote-write:grafana-agent:send-remote-write",
            "model": "sdcore",
            "via": null
          },
          "sensitive_attributes": [],
          "dependencies": [
            "juju_model.sdcore",
            "module.sdcore-router.juju_application.router",
            "module.sdcore.juju_model.sdcore",
            "module.sdcore.juju_offer.prometheus-remote-write",
            "module.sdcore.module.cos-lite.juju_model.cos",
            "module.sdcore.module.cos-lite.module.prometheus.juju_application.prometheus",
            "module.sdcore.module.grafana-agent.juju_application.grafana-agent-k8s"
          ]
        }
      ]
    },
    {
      "module": "module.sdcore",
      "mode": "managed",
      "type": "juju_integration",
      "name": "smf-certificates",
      "provider": "provider[\"registry.terraform.io/juju/juju\"]",
      "instances": [
        {
          "schema_version": 0,
          "attributes": {
            "application": [
              {
                "endpoint": "certificates",
                "name": "self-signed-certificates",
                "offer_url": null
              },
              {
                "endpoint": "certificates",
                "name": "smf",
                "offer_url": null
              }
            ],
            "id": "sdcore:self-signed-certificates:certificates:smf:certificates",
            "model": "sdcore",
            "via": null
          },
          "sensitive_attributes": [],
          "dependencies": [
            "juju_model.sdcore",
            "module.sdcore-router.juju_application.router",
            "module.sdcore.juju_model.sdcore",
            "module.sdcore.module.self-signed-certificates.juju_application.self-signed-certificates",
            "module.sdcore.module.smf.juju_application.sdcore-smf-k8s"
          ]
        }
      ]
    },
    {
      "module": "module.sdcore",
      "mode": "managed",
      "type": "juju_integration",
      "name": "smf-database",
      "provider": "provider[\"registry.terraform.io/juju/juju\"]",
      "instances": [
        {
          "schema_version": 0,
          "attributes": {
            "application": [
              {
                "endpoint": "database",
                "name": "mongodb",
                "offer_url": null
              },
              {
                "endpoint": "database",
                "name": "smf",
                "offer_url": null
              }
            ],
            "id": "sdcore:mongodb:database:smf:database",
            "model": "sdcore",
            "via": null
          },
          "sensitive_attributes": [],
          "dependencies": [
            "juju_model.sdcore",
            "module.sdcore-router.juju_application.router",
            "module.sdcore.juju_model.sdcore",
            "module.sdcore.module.mongodb.juju_application.mongodb-k8s",
            "module.sdcore.module.smf.juju_application.sdcore-smf-k8s"
          ]
        }
      ]
    },
    {
      "module": "module.sdcore",
      "mode": "managed",
      "type": "juju_integration",
      "name": "smf-fiveg-nrf",
      "provider": "provider[\"registry.terraform.io/juju/juju\"]",
      "instances": [
        {
          "schema_version": 0,
          "attributes": {
            "application": [
              {
                "endpoint": "fiveg_nrf",
                "name": "nrf",
                "offer_url": null
              },
              {
                "endpoint": "fiveg_nrf",
                "name": "smf",
                "offer_url": null
              }
            ],
            "id": "sdcore:nrf:fiveg_nrf:smf:fiveg_nrf",
            "model": "sdcore",
            "via": null
          },
          "sensitive_attributes": [],
          "dependencies": [
            "juju_model.sdcore",
            "module.sdcore-router.juju_application.router",
            "module.sdcore.juju_model.sdcore",
            "module.sdcore.module.nrf.juju_application.sdcore-nrf-k8s",
            "module.sdcore.module.smf.juju_application.sdcore-smf-k8s"
          ]
        }
      ]
    },
    {
      "module": "module.sdcore",
      "mode": "managed",
      "type": "juju_integration",
      "name": "smf-logging",
      "provider": "provider[\"registry.terraform.io/juju/juju\"]",
      "instances": [
        {
          "schema_version": 0,
          "attributes": {
            "application": [
              {
                "endpoint": "logging",
                "name": "smf",
                "offer_url": null
              },
              {
                "endpoint": "logging-provider",
                "name": "grafana-agent",
                "offer_url": null
              }
            ],
            "id": "sdcore:grafana-agent:logging-provider:smf:logging",
            "model": "sdcore",
            "via": null
          },
          "sensitive_attributes": [],
          "dependencies": [
            "juju_model.sdcore",
            "module.sdcore-router.juju_application.router",
            "module.sdcore.juju_model.sdcore",
            "module.sdcore.module.grafana-agent.juju_application.grafana-agent-k8s",
            "module.sdcore.module.smf.juju_application.sdcore-smf-k8s"
          ]
        }
      ]
    },
    {
      "module": "module.sdcore",
      "mode": "managed",
      "type": "juju_integration",
      "name": "smf-metrics",
      "provider": "provider[\"registry.terraform.io/juju/juju\"]",
      "instances": [
        {
          "schema_version": 0,
          "attributes": {
            "application": [
              {
                "endpoint": "metrics-endpoint",
                "name": "grafana-agent",
                "offer_url": null
              },
              {
                "endpoint": "metrics-endpoint",
                "name": "smf",
                "offer_url": null
              }
            ],
            "id": "sdcore:smf:metrics-endpoint:grafana-agent:metrics-endpoint",
            "model": "sdcore",
            "via": null
          },
          "sensitive_attributes": [],
          "dependencies": [
            "juju_model.sdcore",
            "module.sdcore-router.juju_application.router",
            "module.sdcore.juju_model.sdcore",
            "module.sdcore.module.grafana-agent.juju_application.grafana-agent-k8s",
            "module.sdcore.module.smf.juju_application.sdcore-smf-k8s"
          ]
        }
      ]
    },
    {
      "module": "module.sdcore",
      "mode": "managed",
      "type": "juju_integration",
      "name": "udm-certificates",
      "provider": "provider[\"registry.terraform.io/juju/juju\"]",
      "instances": [
        {
          "schema_version": 0,
          "attributes": {
            "application": [
              {
                "endpoint": "certificates",
                "name": "self-signed-certificates",
                "offer_url": null
              },
              {
                "endpoint": "certificates",
                "name": "udm",
                "offer_url": null
              }
            ],
            "id": "sdcore:self-signed-certificates:certificates:udm:certificates",
            "model": "sdcore",
            "via": null
          },
          "sensitive_attributes": [],
          "dependencies": [
            "juju_model.sdcore",
            "module.sdcore-router.juju_application.router",
            "module.sdcore.juju_model.sdcore",
            "module.sdcore.module.self-signed-certificates.juju_application.self-signed-certificates",
            "module.sdcore.module.udm.juju_application.sdcore-udm-k8s"
          ]
        }
      ]
    },
    {
      "module": "module.sdcore",
      "mode": "managed",
      "type": "juju_integration",
      "name": "udm-fiveg-nrf",
      "provider": "provider[\"registry.terraform.io/juju/juju\"]",
      "instances": [
        {
          "schema_version": 0,
          "attributes": {
            "application": [
              {
                "endpoint": "fiveg_nrf",
                "name": "nrf",
                "offer_url": null
              },
              {
                "endpoint": "fiveg_nrf",
                "name": "udm",
                "offer_url": null
              }
            ],
            "id": "sdcore:nrf:fiveg_nrf:udm:fiveg_nrf",
            "model": "sdcore",
            "via": null
          },
          "sensitive_attributes": [],
          "dependencies": [
            "juju_model.sdcore",
            "module.sdcore-router.juju_application.router",
            "module.sdcore.juju_model.sdcore",
            "module.sdcore.module.nrf.juju_application.sdcore-nrf-k8s",
            "module.sdcore.module.udm.juju_application.sdcore-udm-k8s"
          ]
        }
      ]
    },
    {
      "module": "module.sdcore",
      "mode": "managed",
      "type": "juju_integration",
      "name": "udm-logging",
      "provider": "provider[\"registry.terraform.io/juju/juju\"]",
      "instances": [
        {
          "schema_version": 0,
          "attributes": {
            "application": [
              {
                "endpoint": "logging",
                "name": "udm",
                "offer_url": null
              },
              {
                "endpoint": "logging-provider",
                "name": "grafana-agent",
                "offer_url": null
              }
            ],
            "id": "sdcore:grafana-agent:logging-provider:udm:logging",
            "model": "sdcore",
            "via": null
          },
          "sensitive_attributes": [],
          "dependencies": [
            "juju_model.sdcore",
            "module.sdcore-router.juju_application.router",
            "module.sdcore.juju_model.sdcore",
            "module.sdcore.module.grafana-agent.juju_application.grafana-agent-k8s",
            "module.sdcore.module.udm.juju_application.sdcore-udm-k8s"
          ]
        }
      ]
    },
    {
      "module": "module.sdcore",
      "mode": "managed",
      "type": "juju_integration",
      "name": "udr-auth-database",
      "provider": "provider[\"registry.terraform.io/juju/juju\"]",
      "instances": [
        {
          "schema_version": 0,
          "attributes": {
            "application": [
              {
                "endpoint": "auth_database",
                "name": "udr",
                "offer_url": null
              },
              {
                "endpoint": "database",
                "name": "mongodb",
                "offer_url": null
              }
            ],
            "id": "sdcore:mongodb:database:udr:auth_database",
            "model": "sdcore",
            "via": null
          },
          "sensitive_attributes": [],
          "dependencies": [
            "juju_model.sdcore",
            "module.sdcore-router.juju_application.router",
            "module.sdcore.juju_model.sdcore",
            "module.sdcore.module.mongodb.juju_application.mongodb-k8s",
            "module.sdcore.module.udr.juju_application.sdcore-udr-k8s"
          ]
        }
      ]
    },
    {
      "module": "module.sdcore",
      "mode": "managed",
      "type": "juju_integration",
      "name": "udr-certificates",
      "provider": "provider[\"registry.terraform.io/juju/juju\"]",
      "instances": [
        {
          "schema_version": 0,
          "attributes": {
            "application": [
              {
                "endpoint": "certificates",
                "name": "self-signed-certificates",
                "offer_url": null
              },
              {
                "endpoint": "certificates",
                "name": "udr",
                "offer_url": null
              }
            ],
            "id": "sdcore:self-signed-certificates:certificates:udr:certificates",
            "model": "sdcore",
            "via": null
          },
          "sensitive_attributes": [],
          "dependencies": [
            "juju_model.sdcore",
            "module.sdcore-router.juju_application.router",
            "module.sdcore.juju_model.sdcore",
            "module.sdcore.module.self-signed-certificates.juju_application.self-signed-certificates",
            "module.sdcore.module.udr.juju_application.sdcore-udr-k8s"
          ]
        }
      ]
    },
    {
      "module": "module.sdcore",
      "mode": "managed",
      "type": "juju_integration",
      "name": "udr-common-database",
      "provider": "provider[\"registry.terraform.io/juju/juju\"]",
      "instances": [
        {
          "schema_version": 0,
          "attributes": {
            "application": [
              {
                "endpoint": "common_database",
                "name": "udr",
                "offer_url": null
              },
              {
                "endpoint": "database",
                "name": "mongodb",
                "offer_url": null
              }
            ],
            "id": "sdcore:mongodb:database:udr:common_database",
            "model": "sdcore",
            "via": null
          },
          "sensitive_attributes": [],
          "dependencies": [
            "juju_model.sdcore",
            "module.sdcore-router.juju_application.router",
            "module.sdcore.juju_model.sdcore",
            "module.sdcore.module.mongodb.juju_application.mongodb-k8s",
            "module.sdcore.module.udr.juju_application.sdcore-udr-k8s"
          ]
        }
      ]
    },
    {
      "module": "module.sdcore",
      "mode": "managed",
      "type": "juju_integration",
      "name": "udr-fiveg-nrf",
      "provider": "provider[\"registry.terraform.io/juju/juju\"]",
      "instances": [
        {
          "schema_version": 0,
          "attributes": {
            "application": [
              {
                "endpoint": "fiveg_nrf",
                "name": "nrf",
                "offer_url": null
              },
              {
                "endpoint": "fiveg_nrf",
                "name": "udr",
                "offer_url": null
              }
            ],
            "id": "sdcore:nrf:fiveg_nrf:udr:fiveg_nrf",
            "model": "sdcore",
            "via": null
          },
          "sensitive_attributes": [],
          "dependencies": [
            "juju_model.sdcore",
            "module.sdcore-router.juju_application.router",
            "module.sdcore.juju_model.sdcore",
            "module.sdcore.module.nrf.juju_application.sdcore-nrf-k8s",
            "module.sdcore.module.udr.juju_application.sdcore-udr-k8s"
          ]
        }
      ]
    },
    {
      "module": "module.sdcore",
      "mode": "managed",
      "type": "juju_integration",
      "name": "udr-logging",
      "provider": "provider[\"registry.terraform.io/juju/juju\"]",
      "instances": [
        {
          "schema_version": 0,
          "attributes": {
            "application": [
              {
                "endpoint": "logging",
                "name": "udr",
                "offer_url": null
              },
              {
                "endpoint": "logging-provider",
                "name": "grafana-agent",
                "offer_url": null
              }
            ],
            "id": "sdcore:grafana-agent:logging-provider:udr:logging",
            "model": "sdcore",
            "via": null
          },
          "sensitive_attributes": [],
          "dependencies": [
            "juju_model.sdcore",
            "module.sdcore-router.juju_application.router",
            "module.sdcore.juju_model.sdcore",
            "module.sdcore.module.grafana-agent.juju_application.grafana-agent-k8s",
            "module.sdcore.module.udr.juju_application.sdcore-udr-k8s"
          ]
        }
      ]
    },
    {
      "module": "module.sdcore",
      "mode": "managed",
      "type": "juju_integration",
      "name": "upf-logging",
      "provider": "provider[\"registry.terraform.io/juju/juju\"]",
      "instances": [
        {
          "schema_version": 0,
          "attributes": {
            "application": [
              {
                "endpoint": "logging",
                "name": "upf",
                "offer_url": null
              },
              {
                "endpoint": "logging-provider",
                "name": "grafana-agent",
                "offer_url": null
              }
            ],
            "id": "sdcore:grafana-agent:logging-provider:upf:logging",
            "model": "sdcore",
            "via": null
          },
          "sensitive_attributes": [],
          "dependencies": [
            "juju_model.sdcore",
            "module.sdcore-router.juju_application.router",
            "module.sdcore.juju_model.sdcore",
            "module.sdcore.module.grafana-agent.juju_application.grafana-agent-k8s",
            "module.sdcore.module.upf.juju_application.upf"
          ]
        }
      ]
    },
    {
      "module": "module.sdcore",
      "mode": "managed",
      "type": "juju_integration",
      "name": "upf-metrics",
      "provider": "provider[\"registry.terraform.io/juju/juju\"]",
      "instances": [
        {
          "schema_version": 0,
          "attributes": {
            "application": [
              {
                "endpoint": "metrics-endpoint",
                "name": "grafana-agent",
                "offer_url": null
              },
              {
                "endpoint": "metrics-endpoint",
                "name": "upf",
                "offer_url": null
              }
            ],
            "id": "sdcore:upf:metrics-endpoint:grafana-agent:metrics-endpoint",
            "model": "sdcore",
            "via": null
          },
          "sensitive_attributes": [],
          "dependencies": [
            "juju_model.sdcore",
            "module.sdcore-router.juju_application.router",
            "module.sdcore.juju_model.sdcore",
            "module.sdcore.module.grafana-agent.juju_application.grafana-agent-k8s",
            "module.sdcore.module.upf.juju_application.upf"
          ]
        }
      ]
    },
    {
      "module": "module.sdcore",
      "mode": "managed",
      "type": "juju_integration",
      "name": "upf-nms",
      "provider": "provider[\"registry.terraform.io/juju/juju\"]",
      "instances": [
        {
          "schema_version": 0,
          "attributes": {
            "application": [
              {
                "endpoint": "fiveg_n4",
                "name": "nms",
                "offer_url": null
              },
              {
                "endpoint": "fiveg_n4",
                "name": "upf",
                "offer_url": null
              }
            ],
            "id": "sdcore:upf:fiveg_n4:nms:fiveg_n4",
            "model": "sdcore",
            "via": null
          },
          "sensitive_attributes": [],
          "dependencies": [
            "juju_model.sdcore",
            "module.sdcore-router.juju_application.router",
            "module.sdcore.juju_model.sdcore",
            "module.sdcore.module.nms.juju_application.sdcore-nms-k8s",
            "module.sdcore.module.upf.juju_application.upf"
          ]
        }
      ]
    },
    {
      "module": "module.sdcore",
      "mode": "managed",
      "type": "juju_integration",
      "name": "webui-auth-database",
      "provider": "provider[\"registry.terraform.io/juju/juju\"]",
      "instances": [
        {
          "schema_version": 0,
          "attributes": {
            "application": [
              {
                "endpoint": "auth_database",
                "name": "webui",
                "offer_url": null
              },
              {
                "endpoint": "database",
                "name": "mongodb",
                "offer_url": null
              }
            ],
            "id": "sdcore:mongodb:database:webui:auth_database",
            "model": "sdcore",
            "via": null
          },
          "sensitive_attributes": [],
          "dependencies": [
            "juju_model.sdcore",
            "module.sdcore-router.juju_application.router",
            "module.sdcore.juju_model.sdcore",
            "module.sdcore.module.mongodb.juju_application.mongodb-k8s",
            "module.sdcore.module.webui.juju_application.sdcore-webui-k8s"
          ]
        }
      ]
    },
    {
      "module": "module.sdcore",
      "mode": "managed",
      "type": "juju_integration",
      "name": "webui-common-database",
      "provider": "provider[\"registry.terraform.io/juju/juju\"]",
      "instances": [
        {
          "schema_version": 0,
          "attributes": {
            "application": [
              {
                "endpoint": "common_database",
                "name": "webui",
                "offer_url": null
              },
              {
                "endpoint": "database",
                "name": "mongodb",
                "offer_url": null
              }
            ],
            "id": "sdcore:mongodb:database:webui:common_database",
            "model": "sdcore",
            "via": null
          },
          "sensitive_attributes": [],
          "dependencies": [
            "juju_model.sdcore",
            "module.sdcore-router.juju_application.router",
            "module.sdcore.juju_model.sdcore",
            "module.sdcore.module.mongodb.juju_application.mongodb-k8s",
            "module.sdcore.module.webui.juju_application.sdcore-webui-k8s"
          ]
        }
      ]
    },
    {
      "module": "module.sdcore",
      "mode": "managed",
      "type": "juju_integration",
      "name": "webui-logging",
      "provider": "provider[\"registry.terraform.io/juju/juju\"]",
      "instances": [
        {
          "schema_version": 0,
          "attributes": {
            "application": [
              {
                "endpoint": "logging",
                "name": "webui",
                "offer_url": null
              },
              {
                "endpoint": "logging-provider",
                "name": "grafana-agent",
                "offer_url": null
              }
            ],
            "id": "sdcore:grafana-agent:logging-provider:webui:logging",
            "model": "sdcore",
            "via": null
          },
          "sensitive_attributes": [],
          "dependencies": [
            "juju_model.sdcore",
            "module.sdcore-router.juju_application.router",
            "module.sdcore.juju_model.sdcore",
            "module.sdcore.module.grafana-agent.juju_application.grafana-agent-k8s",
            "module.sdcore.module.webui.juju_application.sdcore-webui-k8s"
          ]
        }
      ]
    },
    {
      "module": "module.sdcore",
      "mode": "managed",
      "type": "juju_offer",
      "name": "loki-logging",
      "provider": "provider[\"registry.terraform.io/juju/juju\"]",
      "instances": [
        {
          "index_key": 0,
          "schema_version": 0,
          "attributes": {
            "application_name": "loki",
            "endpoint": "logging",
            "id": "admin/cos-lite.loki",
            "model": "cos-lite",
            "name": "loki",
            "url": "admin/cos-lite.loki"
          },
          "sensitive_attributes": [],
          "dependencies": [
            "juju_model.sdcore",
            "module.sdcore-router.juju_application.router",
            "module.sdcore.module.cos-lite.juju_model.cos",
            "module.sdcore.module.cos-lite.module.loki.juju_application.loki"
          ]
        }
      ]
    },
    {
      "module": "module.sdcore",
      "mode": "managed",
      "type": "juju_offer",
      "name": "prometheus-remote-write",
      "provider": "provider[\"registry.terraform.io/juju/juju\"]",
      "instances": [
        {
          "index_key": 0,
          "schema_version": 0,
          "attributes": {
            "application_name": "prometheus",
            "endpoint": "receive-remote-write",
            "id": "admin/cos-lite.prometheus",
            "model": "cos-lite",
            "name": "prometheus",
            "url": "admin/cos-lite.prometheus"
          },
          "sensitive_attributes": [],
          "dependencies": [
            "juju_model.sdcore",
            "module.sdcore-router.juju_application.router",
            "module.sdcore.module.cos-lite.juju_model.cos",
            "module.sdcore.module.cos-lite.module.prometheus.juju_application.prometheus"
          ]
        }
      ]
    },
    {
      "module": "module.sdcore-router",
      "mode": "managed",
      "type": "juju_application",
      "name": "router",
      "provider": "provider[\"registry.terraform.io/juju/juju\"]",
      "instances": [
        {
          "schema_version": 0,
          "attributes": {
            "charm": [
              {
                "base": "ubuntu@22.04",
                "channel": "1.4/edge",
                "name": "sdcore-router-k8s",
                "revision": 391,
                "series": "jammy"
              }
            ],
            "config": {},
            "constraints": "arch=amd64",
            "endpoint_bindings": null,
            "expose": [],
            "id": "sdcore:router",
            "model": "sdcore",
            "name": "router",
            "placement": "",
            "principal": null,
            "resources": null,
            "storage": null,
            "storage_directives": null,
            "trust": true,
            "units": 1
          },
          "sensitive_attributes": [],
          "dependencies": [
            "juju_model.sdcore"
          ]
        }
      ]
    },
    {
      "module": "module.sdcore.module.amf",
      "mode": "managed",
      "type": "juju_application",
      "name": "amf",
      "provider": "provider[\"registry.terraform.io/juju/juju\"]",
      "instances": [
        {
          "schema_version": 0,
          "attributes": {
            "charm": [
              {
                "base": "ubuntu@22.04",
                "channel": "1.4/edge",
                "name": "sdcore-amf-k8s",
                "revision": 777,
                "series": "jammy"
              }
            ],
            "config": {},
            "constraints": "arch=amd64",
            "endpoint_bindings": null,
            "expose": [],
            "id": "sdcore:amf",
            "model": "sdcore",
            "name": "amf",
            "placement": "",
            "principal": null,
            "resources": null,
            "storage": [
              {
                "count": 1,
                "label": "certs-25",
                "pool": "kubernetes",
                "size": "1M"
              },
              {
                "count": 1,
                "label": "config-27",
                "pool": "kubernetes",
                "size": "1M"
              }
            ],
            "storage_directives": null,
            "trust": true,
            "units": 1
          },
          "sensitive_attributes": [],
          "dependencies": [
            "juju_model.sdcore",
            "module.sdcore-router.juju_application.router",
            "module.sdcore.juju_model.sdcore"
          ]
        }
      ]
    },
    {
      "module": "module.sdcore.module.ausf",
      "mode": "managed",
      "type": "juju_application",
      "name": "ausf",
      "provider": "provider[\"registry.terraform.io/juju/juju\"]",
      "instances": [
        {
          "schema_version": 0,
          "attributes": {
            "charm": [
              {
                "base": "ubuntu@22.04",
                "channel": "1.4/edge",
                "name": "sdcore-ausf-k8s",
                "revision": 585,
                "series": "jammy"
              }
            ],
            "config": null,
            "constraints": "arch=amd64",
            "endpoint_bindings": null,
            "expose": [],
            "id": "sdcore:ausf",
            "model": "sdcore",
            "name": "ausf",
            "placement": "",
            "principal": null,
            "resources": null,
            "storage": [
              {
                "count": 1,
                "label": "certs-18",
                "pool": "kubernetes",
                "size": "1M"
              },
              {
                "count": 1,
                "label": "config-19",
                "pool": "kubernetes",
                "size": "1M"
              }
            ],
            "storage_directives": null,
            "trust": true,
            "units": 1
          },
          "sensitive_attributes": [],
          "dependencies": [
            "juju_model.sdcore",
            "module.sdcore-router.juju_application.router",
            "module.sdcore.juju_model.sdcore"
          ]
        }
      ]
    },
    {
      "module": "module.sdcore.module.cos-lite[0]",
      "mode": "managed",
      "type": "juju_integration",
      "name": "alertmanager-catalogue",
      "provider": "provider[\"registry.terraform.io/juju/juju\"]",
      "instances": [
        {
          "schema_version": 0,
          "attributes": {
            "application": [
              {
                "endpoint": "catalogue",
                "name": "alertmanager",
                "offer_url": null
              },
              {
                "endpoint": "catalogue",
                "name": "catalogue",
                "offer_url": null
              }
            ],
            "id": "cos-lite:catalogue:catalogue:alertmanager:catalogue",
            "model": "cos-lite",
            "via": null
          },
          "sensitive_attributes": [],
          "dependencies": [
            "juju_model.sdcore",
            "module.sdcore-router.juju_application.router",
            "module.sdcore.module.cos-lite.juju_model.cos",
            "module.sdcore.module.cos-lite.module.alertmanager.juju_application.alertmanager",
            "module.sdcore.module.cos-lite.module.catalogue.juju_application.catalogue"
          ]
        }
      ]
    },
    {
      "module": "module.sdcore.module.cos-lite[0]",
      "mode": "managed",
      "type": "juju_integration",
      "name": "alertmanager-grafana-dashboard",
      "provider": "provider[\"registry.terraform.io/juju/juju\"]",
      "instances": [
        {
          "schema_version": 0,
          "attributes": {
            "application": [
              {
                "endpoint": "grafana-dashboard",
                "name": "alertmanager",
                "offer_url": null
              },
              {
                "endpoint": "grafana-dashboard",
                "name": "grafana",
                "offer_url": null
              }
            ],
            "id": "cos-lite:alertmanager:grafana-dashboard:grafana:grafana-dashboard",
            "model": "cos-lite",
            "via": null
          },
          "sensitive_attributes": [],
          "dependencies": [
            "juju_model.sdcore",
            "module.sdcore-router.juju_application.router",
            "module.sdcore.module.cos-lite.juju_model.cos",
            "module.sdcore.module.cos-lite.module.alertmanager.juju_application.alertmanager",
            "module.sdcore.module.cos-lite.module.grafana.juju_application.grafana"
          ]
        }
      ]
    },
    {
      "module": "module.sdcore.module.cos-lite[0]",
      "mode": "managed",
      "type": "juju_integration",
      "name": "alertmanager-grafana-source",
      "provider": "provider[\"registry.terraform.io/juju/juju\"]",
      "instances": [
        {
          "schema_version": 0,
          "attributes": {
            "application": [
              {
                "endpoint": "grafana-source",
                "name": "alertmanager",
                "offer_url": null
              },
              {
                "endpoint": "grafana-source",
                "name": "grafana",
                "offer_url": null
              }
            ],
            "id": "cos-lite:alertmanager:grafana-source:grafana:grafana-source",
            "model": "cos-lite",
            "via": null
          },
          "sensitive_attributes": [],
          "dependencies": [
            "juju_model.sdcore",
            "module.sdcore-router.juju_application.router",
            "module.sdcore.module.cos-lite.juju_model.cos",
            "module.sdcore.module.cos-lite.module.alertmanager.juju_application.alertmanager",
            "module.sdcore.module.cos-lite.module.grafana.juju_application.grafana"
          ]
        }
      ]
    },
    {
      "module": "module.sdcore.module.cos-lite[0]",
      "mode": "managed",
      "type": "juju_integration",
      "name": "alertmanager-ingress",
      "provider": "provider[\"registry.terraform.io/juju/juju\"]",
      "instances": [
        {
          "schema_version": 0,
          "attributes": {
            "application": [
              {
                "endpoint": "ingress",
                "name": "alertmanager",
                "offer_url": null
              },
              {
                "endpoint": "ingress",
                "name": "traefik",
                "offer_url": null
              }
            ],
            "id": "cos-lite:traefik:ingress:alertmanager:ingress",
            "model": "cos-lite",
            "via": null
          },
          "sensitive_attributes": [],
          "dependencies": [
            "juju_model.sdcore",
            "module.sdcore-router.juju_application.router",
            "module.sdcore.module.cos-lite.juju_model.cos",
            "module.sdcore.module.cos-lite.module.alertmanager.juju_application.alertmanager",
            "module.sdcore.module.cos-lite.module.traefik.juju_application.traefik-k8s"
          ]
        }
      ]
    },
    {
      "module": "module.sdcore.module.cos-lite[0]",
      "mode": "managed",
      "type": "juju_integration",
      "name": "alertmanager-metrics",
      "provider": "provider[\"registry.terraform.io/juju/juju\"]",
      "instances": [
        {
          "schema_version": 0,
          "attributes": {
            "application": [
              {
                "endpoint": "metrics-endpoint",
                "name": "prometheus",
                "offer_url": null
              },
              {
                "endpoint": "self-metrics-endpoint",
                "name": "alertmanager",
                "offer_url": null
              }
            ],
            "id": "cos-lite:alertmanager:self-metrics-endpoint:prometheus:metrics-endpoint",
            "model": "cos-lite",
            "via": null
          },
          "sensitive_attributes": [],
          "dependencies": [
            "juju_model.sdcore",
            "module.sdcore-router.juju_application.router",
            "module.sdcore.module.cos-lite.juju_model.cos",
            "module.sdcore.module.cos-lite.module.alertmanager.juju_application.alertmanager",
            "module.sdcore.module.cos-lite.module.prometheus.juju_application.prometheus"
          ]
        }
      ]
    },
    {
      "module": "module.sdcore.module.cos-lite[0]",
      "mode": "managed",
      "type": "juju_integration",
      "name": "catalogue-ingress",
      "provider": "provider[\"registry.terraform.io/juju/juju\"]",
      "instances": [
        {
          "schema_version": 0,
          "attributes": {
            "application": [
              {
                "endpoint": "ingress",
                "name": "catalogue",
                "offer_url": null
              },
              {
                "endpoint": "ingress",
                "name": "traefik",
                "offer_url": null
              }
            ],
            "id": "cos-lite:traefik:ingress:catalogue:ingress",
            "model": "cos-lite",
            "via": null
          },
          "sensitive_attributes": [],
          "dependencies": [
            "juju_model.sdcore",
            "module.sdcore-router.juju_application.router",
            "module.sdcore.module.cos-lite.juju_model.cos",
            "module.sdcore.module.cos-lite.module.catalogue.juju_application.catalogue",
            "module.sdcore.module.cos-lite.module.traefik.juju_application.traefik-k8s"
          ]
        }
      ]
    },
    {
      "module": "module.sdcore.module.cos-lite[0]",
      "mode": "managed",
      "type": "juju_integration",
      "name": "cos-configuration-grafana",
      "provider": "provider[\"registry.terraform.io/juju/juju\"]",
      "instances": [
        {
          "index_key": 0,
          "schema_version": 0,
          "attributes": {
            "application": [
              {
                "endpoint": "grafana-dashboard",
                "name": "grafana",
                "offer_url": null
              },
              {
                "endpoint": "grafana-dashboards",
                "name": "cos-configuration",
                "offer_url": null
              }
            ],
            "id": "cos-lite:cos-configuration:grafana-dashboards:grafana:grafana-dashboard",
            "model": "cos-lite",
            "via": null
          },
          "sensitive_attributes": [],
          "dependencies": [
            "juju_model.sdcore",
            "module.sdcore-router.juju_application.router",
            "module.sdcore.module.cos-lite.juju_model.cos",
            "module.sdcore.module.cos-lite.module.cos-configuration.juju_application.cos-configuration-k8s",
            "module.sdcore.module.cos-lite.module.grafana.juju_application.grafana"
          ]
        }
      ]
    },
    {
      "module": "module.sdcore.module.cos-lite[0]",
      "mode": "managed",
      "type": "juju_integration",
      "name": "cos-configuration-loki",
      "provider": "provider[\"registry.terraform.io/juju/juju\"]",
      "instances": [
        {
          "index_key": 0,
          "schema_version": 0,
          "attributes": {
            "application": [
              {
                "endpoint": "logging",
                "name": "loki",
                "offer_url": null
              },
              {
                "endpoint": "loki-config",
                "name": "cos-configuration",
                "offer_url": null
              }
            ],
            "id": "cos-lite:loki:logging:cos-configuration:loki-config",
            "model": "cos-lite",
            "via": null
          },
          "sensitive_attributes": [],
          "dependencies": [
            "juju_model.sdcore",
            "module.sdcore-router.juju_application.router",
            "module.sdcore.module.cos-lite.juju_model.cos",
            "module.sdcore.module.cos-lite.module.cos-configuration.juju_application.cos-configuration-k8s",
            "module.sdcore.module.cos-lite.module.loki.juju_application.loki"
          ]
        }
      ]
    },
    {
      "module": "module.sdcore.module.cos-lite[0]",
      "mode": "managed",
      "type": "juju_integration",
      "name": "cos-configuration-prometheus",
      "provider": "provider[\"registry.terraform.io/juju/juju\"]",
      "instances": [
        {
          "index_key": 0,
          "schema_version": 0,
          "attributes": {
            "application": [
              {
                "endpoint": "metrics-endpoint",
                "name": "prometheus",
                "offer_url": null
              },
              {
                "endpoint": "prometheus-config",
                "name": "cos-configuration",
                "offer_url": null
              }
            ],
            "id": "cos-lite:cos-configuration:prometheus-config:prometheus:metrics-endpoint",
            "model": "cos-lite",
            "via": null
          },
          "sensitive_attributes": [],
          "dependencies": [
            "juju_model.sdcore",
            "module.sdcore-router.juju_application.router",
            "module.sdcore.module.cos-lite.juju_model.cos",
            "module.sdcore.module.cos-lite.module.cos-configuration.juju_application.cos-configuration-k8s",
            "module.sdcore.module.cos-lite.module.prometheus.juju_application.prometheus"
          ]
        }
      ]
    },
    {
      "module": "module.sdcore.module.cos-lite[0]",
      "mode": "managed",
      "type": "juju_integration",
      "name": "grafana-catalogue",
      "provider": "provider[\"registry.terraform.io/juju/juju\"]",
      "instances": [
        {
          "schema_version": 0,
          "attributes": {
            "application": [
              {
                "endpoint": "catalogue",
                "name": "catalogue",
                "offer_url": null
              },
              {
                "endpoint": "catalogue",
                "name": "grafana",
                "offer_url": null
              }
            ],
            "id": "cos-lite:catalogue:catalogue:grafana:catalogue",
            "model": "cos-lite",
            "via": null
          },
          "sensitive_attributes": [],
          "dependencies": [
            "juju_model.sdcore",
            "module.sdcore-router.juju_application.router",
            "module.sdcore.module.cos-lite.juju_model.cos",
            "module.sdcore.module.cos-lite.module.catalogue.juju_application.catalogue",
            "module.sdcore.module.cos-lite.module.grafana.juju_application.grafana"
          ]
        }
      ]
    },
    {
      "module": "module.sdcore.module.cos-lite[0]",
      "mode": "managed",
      "type": "juju_integration",
      "name": "grafana-ingress",
      "provider": "provider[\"registry.terraform.io/juju/juju\"]",
      "instances": [
        {
          "schema_version": 0,
          "attributes": {
            "application": [
              {
                "endpoint": "ingress",
                "name": "grafana",
                "offer_url": null
              },
              {
                "endpoint": "traefik-route",
                "name": "traefik",
                "offer_url": null
              }
            ],
            "id": "cos-lite:traefik:traefik-route:grafana:ingress",
            "model": "cos-lite",
            "via": null
          },
          "sensitive_attributes": [],
          "dependencies": [
            "juju_model.sdcore",
            "module.sdcore-router.juju_application.router",
            "module.sdcore.module.cos-lite.juju_model.cos",
            "module.sdcore.module.cos-lite.module.grafana.juju_application.grafana",
            "module.sdcore.module.cos-lite.module.traefik.juju_application.traefik-k8s"
          ]
        }
      ]
    },
    {
      "module": "module.sdcore.module.cos-lite[0]",
      "mode": "managed",
      "type": "juju_integration",
      "name": "grafana-metrics",
      "provider": "provider[\"registry.terraform.io/juju/juju\"]",
      "instances": [
        {
          "schema_version": 0,
          "attributes": {
            "application": [
              {
                "endpoint": "metrics-endpoint",
                "name": "grafana",
                "offer_url": null
              },
              {
                "endpoint": "metrics-endpoint",
                "name": "prometheus",
                "offer_url": null
              }
            ],
            "id": "cos-lite:grafana:metrics-endpoint:prometheus:metrics-endpoint",
            "model": "cos-lite",
            "via": null
          },
          "sensitive_attributes": [],
          "dependencies": [
            "juju_model.sdcore",
            "module.sdcore-router.juju_application.router",
            "module.sdcore.module.cos-lite.juju_model.cos",
            "module.sdcore.module.cos-lite.module.grafana.juju_application.grafana",
            "module.sdcore.module.cos-lite.module.prometheus.juju_application.prometheus"
          ]
        }
      ]
    },
    {
      "module": "module.sdcore.module.cos-lite[0]",
      "mode": "managed",
      "type": "juju_integration",
      "name": "loki-alerting",
      "provider": "provider[\"registry.terraform.io/juju/juju\"]",
      "instances": [
        {
          "schema_version": 0,
          "attributes": {
            "application": [
              {
                "endpoint": "alerting",
                "name": "alertmanager",
                "offer_url": null
              },
              {
                "endpoint": "alertmanager",
                "name": "loki",
                "offer_url": null
              }
            ],
            "id": "cos-lite:alertmanager:alerting:loki:alertmanager",
            "model": "cos-lite",
            "via": null
          },
          "sensitive_attributes": [],
          "dependencies": [
            "juju_model.sdcore",
            "module.sdcore-router.juju_application.router",
            "module.sdcore.module.cos-lite.juju_model.cos",
            "module.sdcore.module.cos-lite.module.alertmanager.juju_application.alertmanager",
            "module.sdcore.module.cos-lite.module.loki.juju_application.loki"
          ]
        }
      ]
    },
    {
      "module": "module.sdcore.module.cos-lite[0]",
      "mode": "managed",
      "type": "juju_integration",
      "name": "loki-grafana-dashboard",
      "provider": "provider[\"registry.terraform.io/juju/juju\"]",
      "instances": [
        {
          "schema_version": 0,
          "attributes": {
            "application": [
              {
                "endpoint": "grafana-dashboard",
                "name": "grafana",
                "offer_url": null
              },
              {
                "endpoint": "grafana-dashboard",
                "name": "loki",
                "offer_url": null
              }
            ],
            "id": "cos-lite:loki:grafana-dashboard:grafana:grafana-dashboard",
            "model": "cos-lite",
            "via": null
          },
          "sensitive_attributes": [],
          "dependencies": [
            "juju_model.sdcore",
            "module.sdcore-router.juju_application.router",
            "module.sdcore.module.cos-lite.juju_model.cos",
            "module.sdcore.module.cos-lite.module.grafana.juju_application.grafana",
            "module.sdcore.module.cos-lite.module.loki.juju_application.loki"
          ]
        }
      ]
    },
    {
      "module": "module.sdcore.module.cos-lite[0]",
      "mode": "managed",
      "type": "juju_integration",
      "name": "loki-grafana-source",
      "provider": "provider[\"registry.terraform.io/juju/juju\"]",
      "instances": [
        {
          "schema_version": 0,
          "attributes": {
            "application": [
              {
                "endpoint": "grafana-source",
                "name": "grafana",
                "offer_url": null
              },
              {
                "endpoint": "grafana-source",
                "name": "loki",
                "offer_url": null
              }
            ],
            "id": "cos-lite:loki:grafana-source:grafana:grafana-source",
            "model": "cos-lite",
            "via": null
          },
          "sensitive_attributes": [],
          "dependencies": [
            "juju_model.sdcore",
            "module.sdcore-router.juju_application.router",
            "module.sdcore.module.cos-lite.juju_model.cos",
            "module.sdcore.module.cos-lite.module.grafana.juju_application.grafana",
            "module.sdcore.module.cos-lite.module.loki.juju_application.loki"
          ]
        }
      ]
    },
    {
      "module": "module.sdcore.module.cos-lite[0]",
      "mode": "managed",
      "type": "juju_integration",
      "name": "loki-ingress",
      "provider": "provider[\"registry.terraform.io/juju/juju\"]",
      "instances": [
        {
          "schema_version": 0,
          "attributes": {
            "application": [
              {
                "endpoint": "ingress",
                "name": "loki",
                "offer_url": null
              },
              {
                "endpoint": "ingress-per-unit",
                "name": "traefik",
                "offer_url": null
              }
            ],
            "id": "cos-lite:traefik:ingress-per-unit:loki:ingress",
            "model": "cos-lite",
            "via": null
          },
          "sensitive_attributes": [],
          "dependencies": [
            "juju_model.sdcore",
            "module.sdcore-router.juju_application.router",
            "module.sdcore.module.cos-lite.juju_model.cos",
            "module.sdcore.module.cos-lite.module.loki.juju_application.loki",
            "module.sdcore.module.cos-lite.module.traefik.juju_application.traefik-k8s"
          ]
        }
      ]
    },
    {
      "module": "module.sdcore.module.cos-lite[0]",
      "mode": "managed",
      "type": "juju_integration",
      "name": "loki-metrics",
      "provider": "provider[\"registry.terraform.io/juju/juju\"]",
      "instances": [
        {
          "schema_version": 0,
          "attributes": {
            "application": [
              {
                "endpoint": "metrics-endpoint",
                "name": "loki",
                "offer_url": null
              },
              {
                "endpoint": "metrics-endpoint",
                "name": "prometheus",
                "offer_url": null
              }
            ],
            "id": "cos-lite:loki:metrics-endpoint:prometheus:metrics-endpoint",
            "model": "cos-lite",
            "via": null
          },
          "sensitive_attributes": [],
          "dependencies": [
            "juju_model.sdcore",
            "module.sdcore-router.juju_application.router",
            "module.sdcore.module.cos-lite.juju_model.cos",
            "module.sdcore.module.cos-lite.module.loki.juju_application.loki",
            "module.sdcore.module.cos-lite.module.prometheus.juju_application.prometheus"
          ]
        }
      ]
    },
    {
      "module": "module.sdcore.module.cos-lite[0]",
      "mode": "managed",
      "type": "juju_integration",
      "name": "prometheus-alerting",
      "provider": "provider[\"registry.terraform.io/juju/juju\"]",
      "instances": [
        {
          "schema_version": 0,
          "attributes": {
            "application": [
              {
                "endpoint": "alerting",
                "name": "alertmanager",
                "offer_url": null
              },
              {
                "endpoint": "alertmanager",
                "name": "prometheus",
                "offer_url": null
              }
            ],
            "id": "cos-lite:alertmanager:alerting:prometheus:alertmanager",
            "model": "cos-lite",
            "via": null
          },
          "sensitive_attributes": [],
          "dependencies": [
            "juju_model.sdcore",
            "module.sdcore-router.juju_application.router",
            "module.sdcore.module.cos-lite.juju_model.cos",
            "module.sdcore.module.cos-lite.module.alertmanager.juju_application.alertmanager",
            "module.sdcore.module.cos-lite.module.prometheus.juju_application.prometheus"
          ]
        }
      ]
    },
    {
      "module": "module.sdcore.module.cos-lite[0]",
      "mode": "managed",
      "type": "juju_integration",
      "name": "prometheus-catalogue",
      "provider": "provider[\"registry.terraform.io/juju/juju\"]",
      "instances": [
        {
          "schema_version": 0,
          "attributes": {
            "application": [
              {
                "endpoint": "catalogue",
                "name": "catalogue",
                "offer_url": null
              },
              {
                "endpoint": "catalogue",
                "name": "prometheus",
                "offer_url": null
              }
            ],
            "id": "cos-lite:catalogue:catalogue:prometheus:catalogue",
            "model": "cos-lite",
            "via": null
          },
          "sensitive_attributes": [],
          "dependencies": [
            "juju_model.sdcore",
            "module.sdcore-router.juju_application.router",
            "module.sdcore.module.cos-lite.juju_model.cos",
            "module.sdcore.module.cos-lite.module.catalogue.juju_application.catalogue",
            "module.sdcore.module.cos-lite.module.prometheus.juju_application.prometheus"
          ]
        }
      ]
    },
    {
      "module": "module.sdcore.module.cos-lite[0]",
      "mode": "managed",
      "type": "juju_integration",
      "name": "prometheus-grafana-dashboard",
      "provider": "provider[\"registry.terraform.io/juju/juju\"]",
      "instances": [
        {
          "schema_version": 0,
          "attributes": {
            "application": [
              {
                "endpoint": "grafana-dashboard",
                "name": "grafana",
                "offer_url": null
              },
              {
                "endpoint": "grafana-dashboard",
                "name": "prometheus",
                "offer_url": null
              }
            ],
            "id": "cos-lite:prometheus:grafana-dashboard:grafana:grafana-dashboard",
            "model": "cos-lite",
            "via": null
          },
          "sensitive_attributes": [],
          "dependencies": [
            "juju_model.sdcore",
            "module.sdcore-router.juju_application.router",
            "module.sdcore.module.cos-lite.juju_model.cos",
            "module.sdcore.module.cos-lite.module.grafana.juju_application.grafana",
            "module.sdcore.module.cos-lite.module.prometheus.juju_application.prometheus"
          ]
        }
      ]
    },
    {
      "module": "module.sdcore.module.cos-lite[0]",
      "mode": "managed",
      "type": "juju_integration",
      "name": "prometheus-grafana-source",
      "provider": "provider[\"registry.terraform.io/juju/juju\"]",
      "instances": [
        {
          "schema_version": 0,
          "attributes": {
            "application": [
              {
                "endpoint": "grafana-source",
                "name": "grafana",
                "offer_url": null
              },
              {
                "endpoint": "grafana-source",
                "name": "prometheus",
                "offer_url": null
              }
            ],
            "id": "cos-lite:prometheus:grafana-source:grafana:grafana-source",
            "model": "cos-lite",
            "via": null
          },
          "sensitive_attributes": [],
          "dependencies": [
            "juju_model.sdcore",
            "module.sdcore-router.juju_application.router",
            "module.sdcore.module.cos-lite.juju_model.cos",
            "module.sdcore.module.cos-lite.module.grafana.juju_application.grafana",
            "module.sdcore.module.cos-lite.module.prometheus.juju_application.prometheus"
          ]
        }
      ]
    },
    {
      "module": "module.sdcore.module.cos-lite[0]",
      "mode": "managed",
      "type": "juju_integration",
      "name": "prometheus-ingress",
      "provider": "provider[\"registry.terraform.io/juju/juju\"]",
      "instances": [
        {
          "schema_version": 0,
          "attributes": {
            "application": [
              {
                "endpoint": "ingress",
                "name": "prometheus",
                "offer_url": null
              },
              {
                "endpoint": "ingress-per-unit",
                "name": "traefik",
                "offer_url": null
              }
            ],
            "id": "cos-lite:traefik:ingress-per-unit:prometheus:ingress",
            "model": "cos-lite",
            "via": null
          },
          "sensitive_attributes": [],
          "dependencies": [
            "juju_model.sdcore",
            "module.sdcore-router.juju_application.router",
            "module.sdcore.module.cos-lite.juju_model.cos",
            "module.sdcore.module.cos-lite.module.prometheus.juju_application.prometheus",
            "module.sdcore.module.cos-lite.module.traefik.juju_application.traefik-k8s"
          ]
        }
      ]
    },
    {
      "module": "module.sdcore.module.cos-lite[0]",
      "mode": "managed",
      "type": "juju_integration",
      "name": "traefik-metrics",
      "provider": "provider[\"registry.terraform.io/juju/juju\"]",
      "instances": [
        {
          "schema_version": 0,
          "attributes": {
            "application": [
              {
                "endpoint": "metrics-endpoint",
                "name": "prometheus",
                "offer_url": null
              },
              {
                "endpoint": "metrics-endpoint",
                "name": "traefik",
                "offer_url": null
              }
            ],
            "id": "cos-lite:traefik:metrics-endpoint:prometheus:metrics-endpoint",
            "model": "cos-lite",
            "via": null
          },
          "sensitive_attributes": [],
          "dependencies": [
            "juju_model.sdcore",
            "module.sdcore-router.juju_application.router",
            "module.sdcore.module.cos-lite.juju_model.cos",
            "module.sdcore.module.cos-lite.module.prometheus.juju_application.prometheus",
            "module.sdcore.module.cos-lite.module.traefik.juju_application.traefik-k8s"
          ]
        }
      ]
    },
    {
      "module": "module.sdcore.module.cos-lite[0]",
      "mode": "managed",
      "type": "juju_model",
      "name": "cos",
      "provider": "provider[\"registry.terraform.io/juju/juju\"]",
      "instances": [
        {
          "schema_version": 0,
          "attributes": {
            "cloud": [],
            "config": null,
            "constraints": null,
            "credential": "microk8s",
            "id": "7731253b-e158-410d-8fc3-538e3c97c2ef",
            "name": "cos-lite",
            "type": "caas"
          },
          "sensitive_attributes": [],
          "dependencies": [
            "juju_model.sdcore",
            "module.sdcore-router.juju_application.router"
          ]
        }
      ]
    },
    {
      "module": "module.sdcore.module.cos-lite[0].module.alertmanager",
      "mode": "managed",
      "type": "juju_application",
      "name": "alertmanager",
      "provider": "provider[\"registry.terraform.io/juju/juju\"]",
      "instances": [
        {
          "schema_version": 0,
          "attributes": {
            "charm": [
              {
                "base": "ubuntu@20.04",
                "channel": "latest/stable",
                "name": "alertmanager-k8s",
                "revision": 125,
                "series": "focal"
              }
            ],
            "config": {},
            "constraints": "arch=amd64",
            "endpoint_bindings": null,
            "expose": [],
            "id": "cos-lite:alertmanager",
            "model": "cos-lite",
            "name": "alertmanager",
            "placement": "",
            "principal": null,
            "resources": null,
            "storage": [
              {
                "count": 1,
                "label": "data-8",
                "pool": "kubernetes",
                "size": "1G"
              }
            ],
            "storage_directives": null,
            "trust": true,
            "units": 1
          },
          "sensitive_attributes": [],
          "dependencies": [
            "juju_model.sdcore",
            "module.sdcore-router.juju_application.router",
            "module.sdcore.module.cos-lite.juju_model.cos"
          ]
        }
      ]
    },
    {
      "module": "module.sdcore.module.cos-lite[0].module.catalogue",
      "mode": "managed",
      "type": "juju_application",
      "name": "catalogue",
      "provider": "provider[\"registry.terraform.io/juju/juju\"]",
      "instances": [
        {
          "schema_version": 0,
          "attributes": {
            "charm": [
              {
                "base": "ubuntu@20.04",
                "channel": "latest/stable",
                "name": "catalogue-k8s",
                "revision": 59,
                "series": "focal"
              }
            ],
            "config": {},
            "constraints": "arch=amd64",
            "endpoint_bindings": null,
            "expose": [],
            "id": "cos-lite:catalogue",
            "model": "cos-lite",
            "name": "catalogue",
            "placement": "",
            "principal": null,
            "resources": null,
            "storage": null,
            "storage_directives": null,
            "trust": true,
            "units": 1
          },
          "sensitive_attributes": [],
          "dependencies": [
            "juju_model.sdcore",
            "module.sdcore-router.juju_application.router",
            "module.sdcore.module.cos-lite.juju_model.cos"
          ]
        }
      ]
    },
    {
      "module": "module.sdcore.module.cos-lite[0].module.cos-configuration[0]",
      "mode": "managed",
      "type": "juju_application",
      "name": "cos-configuration-k8s",
      "provider": "provider[\"registry.terraform.io/juju/juju\"]",
      "instances": [
        {
          "schema_version": 0,
          "attributes": {
            "charm": [
              {
                "base": "ubuntu@20.04",
                "channel": "latest/stable",
                "name": "cos-configuration-k8s",
                "revision": 57,
                "series": "focal"
              }
            ],
            "config": {
              "git_branch": "v1.4",
              "git_repo": "https://github.com/canonical/sdcore-cos-configuration",
              "grafana_dashboards_path": "grafana_dashboards/sdcore/"
            },
            "constraints": "arch=amd64",
            "endpoint_bindings": null,
            "expose": [],
            "id": "cos-lite:cos-configuration",
            "model": "cos-lite",
            "name": "cos-configuration",
            "placement": "",
            "principal": null,
            "resources": null,
            "storage": [
              {
                "count": 1,
                "label": "content-from-git-2",
                "pool": "kubernetes",
                "size": "1G"
              }
            ],
            "storage_directives": null,
            "trust": true,
            "units": 1
          },
          "sensitive_attributes": [],
          "dependencies": [
            "juju_model.sdcore",
            "module.sdcore-router.juju_application.router",
            "module.sdcore.module.cos-lite.juju_model.cos"
          ]
        }
      ]
    },
    {
      "module": "module.sdcore.module.cos-lite[0].module.grafana",
      "mode": "managed",
      "type": "juju_application",
      "name": "grafana",
      "provider": "provider[\"registry.terraform.io/juju/juju\"]",
      "instances": [
        {
          "schema_version": 0,
          "attributes": {
            "charm": [
              {
                "base": "ubuntu@20.04",
                "channel": "latest/stable",
                "name": "grafana-k8s",
                "revision": 117,
                "series": "focal"
              }
            ],
            "config": {},
            "constraints": "arch=amd64",
            "endpoint_bindings": null,
            "expose": [],
            "id": "cos-lite:grafana",
            "model": "cos-lite",
            "name": "grafana",
            "placement": "",
            "principal": null,
            "resources": null,
            "storage": [
              {
                "count": 1,
                "label": "database-5",
                "pool": "kubernetes",
                "size": "1G"
              }
            ],
            "storage_directives": null,
            "trust": true,
            "units": 1
          },
          "sensitive_attributes": [],
          "dependencies": [
            "juju_model.sdcore",
            "module.sdcore-router.juju_application.router",
            "module.sdcore.module.cos-lite.juju_model.cos"
          ]
        }
      ]
    },
    {
      "module": "module.sdcore.module.cos-lite[0].module.loki",
      "mode": "managed",
      "type": "juju_application",
      "name": "loki",
      "provider": "provider[\"registry.terraform.io/juju/juju\"]",
      "instances": [
        {
          "schema_version": 0,
          "attributes": {
            "charm": [
              {
                "base": "ubuntu@20.04",
                "channel": "latest/stable",
                "name": "loki-k8s",
                "revision": 160,
                "series": "focal"
              }
            ],
            "config": {},
            "constraints": "arch=amd64",
            "endpoint_bindings": null,
            "expose": [],
            "id": "cos-lite:loki",
            "model": "cos-lite",
            "name": "loki",
            "placement": "",
            "principal": null,
            "resources": null,
            "storage": [
              {
                "count": 1,
                "label": "active-index-directory-6",
                "pool": "kubernetes",
                "size": "1G"
              },
              {
                "count": 1,
                "label": "loki-chunks-7",
                "pool": "kubernetes",
                "size": "1G"
              }
            ],
            "storage_directives": null,
            "trust": true,
            "units": 1
          },
          "sensitive_attributes": [],
          "dependencies": [
            "juju_model.sdcore",
            "module.sdcore-router.juju_application.router",
            "module.sdcore.module.cos-lite.juju_model.cos"
          ]
        }
      ]
    },
    {
      "module": "module.sdcore.module.cos-lite[0].module.prometheus",
      "mode": "managed",
      "type": "juju_application",
      "name": "prometheus",
      "provider": "provider[\"registry.terraform.io/juju/juju\"]",
      "instances": [
        {
          "schema_version": 0,
          "attributes": {
            "charm": [
              {
                "base": "ubuntu@20.04",
                "channel": "latest/stable",
                "name": "prometheus-k8s",
                "revision": 209,
                "series": "focal"
              }
            ],
            "config": {},
            "constraints": "arch=amd64",
            "endpoint_bindings": null,
            "expose": [],
            "id": "cos-lite:prometheus",
            "model": "cos-lite",
            "name": "prometheus",
            "placement": "",
            "principal": null,
            "resources": null,
            "storage": [
              {
                "count": 1,
                "label": "database-9",
                "pool": "kubernetes",
                "size": "1G"
              }
            ],
            "storage_directives": null,
            "trust": true,
            "units": 1
          },
          "sensitive_attributes": [],
          "dependencies": [
            "juju_model.sdcore",
            "module.sdcore-router.juju_application.router",
            "module.sdcore.module.cos-lite.juju_model.cos"
          ]
        }
      ]
    },
    {
      "module": "module.sdcore.module.cos-lite[0].module.traefik",
      "mode": "managed",
      "type": "juju_application",
      "name": "traefik-k8s",
      "provider": "provider[\"registry.terraform.io/juju/juju\"]",
      "instances": [
        {
          "schema_version": 0,
          "attributes": {
            "charm": [
              {
                "base": "ubuntu@20.04",
                "channel": "latest/stable",
                "name": "traefik-k8s",
                "revision": 194,
                "series": "focal"
              }
            ],
            "config": {},
            "constraints": "arch=amd64",
            "endpoint_bindings": null,
            "expose": [],
            "id": "cos-lite:traefik",
            "model": "cos-lite",
            "name": "traefik",
            "placement": "",
            "principal": null,
            "resources": null,
            "storage": [
              {
                "count": 1,
                "label": "configurations-1",
                "pool": "kubernetes",
                "size": "1G"
              }
            ],
            "storage_directives": null,
            "trust": true,
            "units": 1
          },
          "sensitive_attributes": [],
          "dependencies": [
            "juju_model.sdcore",
            "module.sdcore-router.juju_application.router",
            "module.sdcore.module.cos-lite.juju_model.cos"
          ]
        }
      ]
    },
    {
      "module": "module.sdcore.module.grafana-agent",
      "mode": "managed",
      "type": "juju_application",
      "name": "grafana-agent-k8s",
      "provider": "provider[\"registry.terraform.io/juju/juju\"]",
      "instances": [
        {
          "schema_version": 0,
          "attributes": {
            "charm": [
              {
                "base": "ubuntu@22.04",
                "channel": "latest/stable",
                "name": "grafana-agent-k8s",
                "revision": 45,
                "series": "jammy"
              }
            ],
            "config": {},
            "constraints": "arch=amd64",
            "endpoint_bindings": null,
            "expose": [],
            "id": "sdcore:grafana-agent",
            "model": "sdcore",
            "name": "grafana-agent",
            "placement": "",
            "principal": null,
            "resources": null,
            "storage": [
              {
                "count": 1,
                "label": "data-17",
                "pool": "kubernetes",
                "size": "1G"
              }
            ],
            "storage_directives": null,
            "trust": true,
            "units": 1
          },
          "sensitive_attributes": [],
          "dependencies": [
            "juju_model.sdcore",
            "module.sdcore-router.juju_application.router",
            "module.sdcore.juju_model.sdcore"
          ]
        }
      ]
    },
    {
      "module": "module.sdcore.module.mongodb",
      "mode": "managed",
      "type": "juju_application",
      "name": "mongodb-k8s",
      "provider": "provider[\"registry.terraform.io/juju/juju\"]",
      "instances": [
        {
          "schema_version": 0,
          "attributes": {
            "charm": [
              {
                "base": "ubuntu@22.04",
                "channel": "6/beta",
                "name": "mongodb-k8s",
                "revision": 38,
                "series": "jammy"
              }
            ],
            "config": {},
            "constraints": "arch=amd64",
            "endpoint_bindings": null,
            "expose": [],
            "id": "sdcore:mongodb",
            "model": "sdcore",
            "name": "mongodb",
            "placement": "",
            "principal": null,
            "resources": null,
            "storage": [
              {
                "count": 1,
                "label": "mongodb",
                "pool": "kubernetes",
                "size": "1G"
              }
            ],
            "storage_directives": null,
            "trust": true,
            "units": 1
          },
          "sensitive_attributes": [],
          "dependencies": [
            "juju_model.sdcore",
            "module.sdcore-router.juju_application.router",
            "module.sdcore.juju_model.sdcore"
          ]
        }
      ]
    },
    {
      "module": "module.sdcore.module.nms",
      "mode": "managed",
      "type": "juju_application",
      "name": "sdcore-nms-k8s",
      "provider": "provider[\"registry.terraform.io/juju/juju\"]",
      "instances": [
        {
          "schema_version": 0,
          "attributes": {
            "charm": [
              {
                "base": "ubuntu@22.04",
                "channel": "1.4/edge",
                "name": "sdcore-nms-k8s",
                "revision": 656,
                "series": "jammy"
              }
            ],
            "config": null,
            "constraints": "arch=amd64",
            "endpoint_bindings": null,
            "expose": [],
            "id": "sdcore:nms",
            "model": "sdcore",
            "name": "nms",
            "placement": "",
            "principal": null,
            "resources": null,
            "storage": [
              {
                "count": 1,
                "label": "config-26",
                "pool": "kubernetes",
                "size": "5M"
              }
            ],
            "storage_directives": null,
            "trust": true,
            "units": 1
          },
          "sensitive_attributes": [],
          "dependencies": [
            "juju_model.sdcore",
            "module.sdcore-router.juju_application.router",
            "module.sdcore.juju_model.sdcore"
          ]
        }
      ]
    },
    {
      "module": "module.sdcore.module.nrf",
      "mode": "managed",
      "type": "juju_application",
      "name": "sdcore-nrf-k8s",
      "provider": "provider[\"registry.terraform.io/juju/juju\"]",
      "instances": [
        {
          "schema_version": 0,
          "attributes": {
            "charm": [
              {
                "base": "ubuntu@22.04",
                "channel": "1.4/edge",
                "name": "sdcore-nrf-k8s",
                "revision": 649,
                "series": "jammy"
              }
            ],
            "config": null,
            "constraints": "arch=amd64",
            "endpoint_bindings": null,
            "expose": [],
            "id": "sdcore:nrf",
            "model": "sdcore",
            "name": "nrf",
            "placement": "",
            "principal": null,
            "resources": null,
            "storage": [
              {
                "count": 1,
                "label": "certs-8",
                "pool": "kubernetes",
                "size": "1M"
              },
              {
                "count": 1,
                "label": "config-9",
                "pool": "kubernetes",
                "size": "1M"
              }
            ],
            "storage_directives": null,
            "trust": true,
            "units": 1
          },
          "sensitive_attributes": [],
          "dependencies": [
            "juju_model.sdcore",
            "module.sdcore-router.juju_application.router",
            "module.sdcore.juju_model.sdcore"
          ]
        }
      ]
    },
    {
      "module": "module.sdcore.module.nssf",
      "mode": "managed",
      "type": "juju_application",
      "name": "nssf",
      "provider": "provider[\"registry.terraform.io/juju/juju\"]",
      "instances": [
        {
          "schema_version": 0,
          "attributes": {
            "charm": [
              {
                "base": "ubuntu@22.04",
                "channel": "1.4/edge",
                "name": "sdcore-nssf-k8s",
                "revision": 531,
                "series": "jammy"
              }
            ],
            "config": {},
            "constraints": "arch=amd64",
            "endpoint_bindings": null,
            "expose": [],
            "id": "sdcore:nssf",
            "model": "sdcore",
            "name": "nssf",
            "placement": "",
            "principal": null,
            "resources": null,
            "storage": [
              {
                "count": 1,
                "label": "certs-2",
                "pool": "kubernetes",
                "size": "1M"
              },
              {
                "count": 1,
                "label": "config-3",
                "pool": "kubernetes",
                "size": "1M"
              }
            ],
            "storage_directives": null,
            "trust": true,
            "units": 1
          },
          "sensitive_attributes": [],
          "dependencies": [
            "juju_model.sdcore",
            "module.sdcore-router.juju_application.router",
            "module.sdcore.juju_model.sdcore"
          ]
        }
      ]
    },
    {
      "module": "module.sdcore.module.pcf",
      "mode": "managed",
      "type": "juju_application",
      "name": "pcf",
      "provider": "provider[\"registry.terraform.io/juju/juju\"]",
      "instances": [
        {
          "schema_version": 0,
          "attributes": {
            "charm": [
              {
                "base": "ubuntu@22.04",
                "channel": "1.4/edge",
                "name": "sdcore-pcf-k8s",
                "revision": 576,
                "series": "jammy"
              }
            ],
            "config": null,
            "constraints": "arch=amd64",
            "endpoint_bindings": null,
            "expose": [],
            "id": "sdcore:pcf",
            "model": "sdcore",
            "name": "pcf",
            "placement": "",
            "principal": null,
            "resources": null,
            "storage": [
              {
                "count": 1,
                "label": "certs-22",
                "pool": "kubernetes",
                "size": "1M"
              },
              {
                "count": 1,
                "label": "config-24",
                "pool": "kubernetes",
                "size": "1M"
              }
            ],
            "storage_directives": null,
            "trust": true,
            "units": 1
          },
          "sensitive_attributes": [],
          "dependencies": [
            "juju_model.sdcore",
            "module.sdcore-router.juju_application.router",
            "module.sdcore.juju_model.sdcore"
          ]
        }
      ]
    },
    {
      "module": "module.sdcore.module.self-signed-certificates",
      "mode": "managed",
      "type": "juju_application",
      "name": "self-signed-certificates",
      "provider": "provider[\"registry.terraform.io/juju/juju\"]",
      "instances": [
        {
          "schema_version": 0,
          "attributes": {
            "charm": [
              {
                "base": "ubuntu@22.04",
                "channel": "latest/stable",
                "name": "self-signed-certificates",
                "revision": 155,
                "series": "jammy"
              }
            ],
            "config": {},
            "constraints": "arch=amd64",
            "endpoint_bindings": null,
            "expose": [],
            "id": "sdcore:self-signed-certificates",
            "model": "sdcore",
            "name": "self-signed-certificates",
            "placement": "",
            "principal": null,
            "resources": null,
            "storage": null,
            "storage_directives": null,
            "trust": false,
            "units": 1
          },
          "sensitive_attributes": [],
          "dependencies": [
            "juju_model.sdcore",
            "module.sdcore-router.juju_application.router",
            "module.sdcore.juju_model.sdcore"
          ]
        }
      ]
    },
    {
      "module": "module.sdcore.module.smf",
      "mode": "managed",
      "type": "juju_application",
      "name": "sdcore-smf-k8s",
      "provider": "provider[\"registry.terraform.io/juju/juju\"]",
      "instances": [
        {
          "schema_version": 0,
          "attributes": {
            "charm": [
              {
                "base": "ubuntu@22.04",
                "channel": "1.4/edge",
                "name": "sdcore-smf-k8s",
                "revision": 668,
                "series": "jammy"
              }
            ],
            "config": null,
            "constraints": "arch=amd64",
            "endpoint_bindings": null,
            "expose": [],
            "id": "sdcore:smf",
            "model": "sdcore",
            "name": "smf",
            "placement": "",
            "principal": null,
            "resources": null,
            "storage": [
              {
                "count": 1,
                "label": "certs-20",
                "pool": "kubernetes",
                "size": "1M"
              },
              {
                "count": 1,
                "label": "config-21",
                "pool": "kubernetes",
                "size": "1M"
              }
            ],
            "storage_directives": null,
            "trust": true,
            "units": 1
          },
          "sensitive_attributes": [],
          "dependencies": [
            "juju_model.sdcore",
            "module.sdcore-router.juju_application.router",
            "module.sdcore.juju_model.sdcore"
          ]
        }
      ]
    },
    {
      "module": "module.sdcore.module.traefik",
      "mode": "managed",
      "type": "juju_application",
      "name": "traefik-k8s",
      "provider": "provider[\"registry.terraform.io/juju/juju\"]",
      "instances": [
        {
          "schema_version": 0,
          "attributes": {
            "charm": [
              {
                "base": "ubuntu@20.04",
                "channel": "latest/stable",
                "name": "traefik-k8s",
                "revision": 194,
                "series": "focal"
              }
            ],
            "config": {
              "routing_mode": "subdomain"
            },
            "constraints": "arch=amd64",
            "endpoint_bindings": null,
            "expose": [],
            "id": "sdcore:traefik",
            "model": "sdcore",
            "name": "traefik",
            "placement": "",
            "principal": null,
            "resources": null,
            "storage": [
              {
                "count": 1,
                "label": "configurations-16",
                "pool": "kubernetes",
                "size": "1G"
              }
            ],
            "storage_directives": null,
            "trust": true,
            "units": 1
          },
          "sensitive_attributes": [],
          "dependencies": [
            "juju_model.sdcore",
            "module.sdcore-router.juju_application.router",
            "module.sdcore.juju_model.sdcore"
          ]
        }
      ]
    },
    {
      "module": "module.sdcore.module.udm",
      "mode": "managed",
      "type": "juju_application",
      "name": "sdcore-udm-k8s",
      "provider": "provider[\"registry.terraform.io/juju/juju\"]",
      "instances": [
        {
          "schema_version": 0,
          "attributes": {
            "charm": [
              {
                "base": "ubuntu@22.04",
                "channel": "1.4/edge",
                "name": "sdcore-udm-k8s",
                "revision": 548,
                "series": "jammy"
              }
            ],
            "config": null,
            "constraints": "arch=amd64",
            "endpoint_bindings": null,
            "expose": [],
            "id": "sdcore:udm",
            "model": "sdcore",
            "name": "udm",
            "placement": "",
            "principal": null,
            "resources": null,
            "storage": [
              {
                "count": 1,
                "label": "certs-14",
                "pool": "kubernetes",
                "size": "1M"
              },
              {
                "count": 1,
                "label": "config-15",
                "pool": "kubernetes",
                "size": "1M"
              }
            ],
            "storage_directives": null,
            "trust": true,
            "units": 1
          },
          "sensitive_attributes": [],
          "dependencies": [
            "juju_model.sdcore",
            "module.sdcore-router.juju_application.router",
            "module.sdcore.juju_model.sdcore"
          ]
        }
      ]
    },
    {
      "module": "module.sdcore.module.udr",
      "mode": "managed",
      "type": "juju_application",
      "name": "sdcore-udr-k8s",
      "provider": "provider[\"registry.terraform.io/juju/juju\"]",
      "instances": [
        {
          "schema_version": 0,
          "attributes": {
            "charm": [
              {
                "base": "ubuntu@22.04",
                "channel": "1.4/edge",
                "name": "sdcore-udr-k8s",
                "revision": 549,
                "series": "jammy"
              }
            ],
            "config": null,
            "constraints": "arch=amd64",
            "endpoint_bindings": null,
            "expose": [],
            "id": "sdcore:udr",
            "model": "sdcore",
            "name": "udr",
            "placement": "",
            "principal": null,
            "resources": null,
            "storage": [
              {
                "count": 1,
                "label": "certs-4",
                "pool": "kubernetes",
                "size": "1M"
              },
              {
                "count": 1,
                "label": "config-6",
                "pool": "kubernetes",
                "size": "1M"
              }
            ],
            "storage_directives": null,
            "trust": true,
            "units": 1
          },
          "sensitive_attributes": [],
          "dependencies": [
            "juju_model.sdcore",
            "module.sdcore-router.juju_application.router",
            "module.sdcore.juju_model.sdcore"
          ]
        }
      ]
    },
    {
      "module": "module.sdcore.module.upf",
      "mode": "managed",
      "type": "juju_application",
      "name": "upf",
      "provider": "provider[\"registry.terraform.io/juju/juju\"]",
      "instances": [
        {
          "schema_version": 0,
          "attributes": {
            "charm": [
              {
                "base": "ubuntu@22.04",
                "channel": "1.4/edge",
                "name": "sdcore-upf-k8s",
                "revision": 643,
                "series": "jammy"
              }
            ],
            "config": {},
            "constraints": "arch=amd64",
            "endpoint_bindings": null,
            "expose": [],
            "id": "sdcore:upf",
            "model": "sdcore",
            "name": "upf",
            "placement": "",
            "principal": null,
            "resources": null,
            "storage": [
              {
                "count": 1,
                "label": "config-11",
                "pool": "kubernetes",
                "size": "1M"
              },
              {
                "count": 1,
                "label": "shared-app-12",
                "pool": "kubernetes",
                "size": "1M"
              }
            ],
            "storage_directives": null,
            "trust": true,
            "units": 1
          },
          "sensitive_attributes": [],
          "dependencies": [
            "juju_model.sdcore",
            "module.sdcore-router.juju_application.router",
            "module.sdcore.juju_model.sdcore"
          ]
        }
      ]
    },
    {
      "module": "module.sdcore.module.webui",
      "mode": "managed",
      "type": "juju_application",
      "name": "sdcore-webui-k8s",
      "provider": "provider[\"registry.terraform.io/juju/juju\"]",
      "instances": [
        {
          "schema_version": 0,
          "attributes": {
            "charm": [
              {
                "base": "ubuntu@22.04",
                "channel": "1.4/edge",
                "name": "sdcore-webui-k8s",
                "revision": 458,
                "series": "jammy"
              }
            ],
            "config": null,
            "constraints": "arch=amd64",
            "endpoint_bindings": null,
            "expose": [],
            "id": "sdcore:webui",
            "model": "sdcore",
            "name": "webui",
            "placement": "",
            "principal": null,
            "resources": null,
            "storage": [
              {
                "count": 1,
                "label": "config-23",
                "pool": "kubernetes",
                "size": "1M"
              }
            ],
            "storage_directives": null,
            "trust": true,
            "units": 1
          },
          "sensitive_attributes": [],
          "dependencies": [
            "juju_model.sdcore",
            "module.sdcore-router.juju_application.router",
            "module.sdcore.juju_model.sdcore"
          ]
        }
      ]
    }
  ],
  "check_results": null
}
